
Microsoft Visual Studio Solution File, Format Version 12.00
# Visual Studio 15
VisualStudioVersion = 15.0.28010.2041
MinimumVisualStudioVersion = 10.0.40219.1
Project("{9A19103F-16F7-4668-BE54-9A1E7A4F7556}") = "SRLApiClient", "SRLApiClient\SRLApiClient.csproj", "{FC151E14-8282-40CA-B3AA-FD6AD6F9CDC6}"
EndProject
Project("{2150E333-8FDC-42A3-9474-1A3956D46DE8}") = "Solution Items", "Solution Items", "{BA36AD6C-642F-4086-A0CD-9F0C2E4921F5}"
	ProjectSection(SolutionItems) = preProject
		LICENSE = LICENSE
		Readme.md = Readme.md
	EndProjectSection
EndProject
Global
	GlobalSection(SolutionConfigurationPlatforms) = preSolution
		Debug|Any CPU = Debug|Any CPU
		Release|Any CPU = Release|Any CPU
	EndGlobalSection
	GlobalSection(ProjectConfigurationPlatforms) = postSolution
		{FC151E14-8282-40CA-B3AA-FD6AD6F9CDC6}.Debug|Any CPU.ActiveCfg = Debug|Any CPU
		{FC151E14-8282-40CA-B3AA-FD6AD6F9CDC6}.Debug|Any CPU.Build.0 = Debug|Any CPU
		{FC151E14-8282-40CA-B3AA-FD6AD6F9CDC6}.Release|Any CPU.ActiveCfg = Release|Any CPU
		{FC151E14-8282-40CA-B3AA-FD6AD6F9CDC6}.Release|Any CPU.Build.0 = Release|Any CPU
	EndGlobalSection
	GlobalSection(SolutionProperties) = preSolution
		HideSolutionNode = FALSE
	EndGlobalSection
	GlobalSection(ExtensibilityGlobals) = postSolution
		SolutionGuid = {22DB04C2-60D0-4B16-9647-9DCE864CAC0C}
	EndGlobalSection
EndGlobal
